// !$*UTF8*$!
{
	archiveVersion = 1;
	classes = {
	};
	objectVersion = 50;
	objects = {

/* Begin PBXBuildFile section */
		6BA33BAD2690F7F6006967C2 /* AppDelegate.swift in Sources */ = {isa = PBXBuildFile; fileRef = 6BA33BAC2690F7F6006967C2 /* AppDelegate.swift */; };
		6BA33BB62690F7F8006967C2 /* Assets.xcassets in Resources */ = {isa = PBXBuildFile; fileRef = 6BA33BB52690F7F8006967C2 /* Assets.xcassets */; };
		6BA33BB92690F7F8006967C2 /* LaunchScreen.storyboard in Resources */ = {isa = PBXBuildFile; fileRef = 6BA33BB72690F7F8006967C2 /* LaunchScreen.storyboard */; };
		6BA33BC42690F7F9006967C2 /* JNetworkLayerTests.swift in Sources */ = {isa = PBXBuildFile; fileRef = 6BA33BC32690F7F9006967C2 /* JNetworkLayerTests.swift */; };
		6BA33BCF2690F7F9006967C2 /* JNetworkLayerUITests.swift in Sources */ = {isa = PBXBuildFile; fileRef = 6BA33BCE2690F7F9006967C2 /* JNetworkLayerUITests.swift */; };
		6BA33BDF2690F8C7006967C2 /* InitViewController.swift in Sources */ = {isa = PBXBuildFile; fileRef = 6BA33BDD2690F8C7006967C2 /* InitViewController.swift */; };
		6BA33BE02690F8C7006967C2 /* InitViewController.xib in Resources */ = {isa = PBXBuildFile; fileRef = 6BA33BDE2690F8C7006967C2 /* InitViewController.xib */; };
		6BA33BE526910DCA006967C2 /* JNWebserviceConfig.swift in Sources */ = {isa = PBXBuildFile; fileRef = 6BA33BE426910DCA006967C2 /* JNWebserviceConfig.swift */; };
		6BA33BE726910E2B006967C2 /* JNWebserviceConstants.swift in Sources */ = {isa = PBXBuildFile; fileRef = 6BA33BE626910E2B006967C2 /* JNWebserviceConstants.swift */; };
		6BA33BE926910E61006967C2 /* JNWebserviceHelper.swift in Sources */ = {isa = PBXBuildFile; fileRef = 6BA33BE826910E61006967C2 /* JNWebserviceHelper.swift */; };
		6BA33BEC26910F18006967C2 /* JNJSONResponseDecoder.swift in Sources */ = {isa = PBXBuildFile; fileRef = 6BA33BEB26910F18006967C2 /* JNJSONResponseDecoder.swift */; };
		6BA36D082692142F00DEE404 /* CovidAPI.swift in Sources */ = {isa = PBXBuildFile; fileRef = 6BA36D072692142F00DEE404 /* CovidAPI.swift */; };
		6BA36D0A2692167100DEE404 /* CovidServicesRequest.swift in Sources */ = {isa = PBXBuildFile; fileRef = 6BA36D092692167100DEE404 /* CovidServicesRequest.swift */; };
		6BA36D0D269216AD00DEE404 /* Country.swift in Sources */ = {isa = PBXBuildFile; fileRef = 6BA36D0C269216AD00DEE404 /* Country.swift */; };
/* End PBXBuildFile section */

/* Begin PBXContainerItemProxy section */
		6BA33BC02690F7F9006967C2 /* PBXContainerItemProxy */ = {
			isa = PBXContainerItemProxy;
			containerPortal = 6BA33BA12690F7F6006967C2 /* Project object */;
			proxyType = 1;
			remoteGlobalIDString = 6BA33BA82690F7F6006967C2;
			remoteInfo = JNetworkLayer;
		};
		6BA33BCB2690F7F9006967C2 /* PBXContainerItemProxy */ = {
			isa = PBXContainerItemProxy;
			containerPortal = 6BA33BA12690F7F6006967C2 /* Project object */;
			proxyType = 1;
			remoteGlobalIDString = 6BA33BA82690F7F6006967C2;
			remoteInfo = JNetworkLayer;
		};
/* End PBXContainerItemProxy section */

/* Begin PBXFileReference section */
		6BA33BA92690F7F6006967C2 /* JNetworkLayer.app */ = {isa = PBXFileReference; explicitFileType = wrapper.application; includeInIndex = 0; path = JNetworkLayer.app; sourceTree = BUILT_PRODUCTS_DIR; };
		6BA33BAC2690F7F6006967C2 /* AppDelegate.swift */ = {isa = PBXFileReference; lastKnownFileType = sourcecode.swift; path = AppDelegate.swift; sourceTree = "<group>"; };
		6BA33BB52690F7F8006967C2 /* Assets.xcassets */ = {isa = PBXFileReference; lastKnownFileType = folder.assetcatalog; path = Assets.xcassets; sourceTree = "<group>"; };
		6BA33BB82690F7F8006967C2 /* Base */ = {isa = PBXFileReference; lastKnownFileType = file.storyboard; name = Base; path = Base.lproj/LaunchScreen.storyboard; sourceTree = "<group>"; };
		6BA33BBA2690F7F8006967C2 /* Info.plist */ = {isa = PBXFileReference; lastKnownFileType = text.plist.xml; path = Info.plist; sourceTree = "<group>"; };
		6BA33BBF2690F7F9006967C2 /* JNetworkLayerTests.xctest */ = {isa = PBXFileReference; explicitFileType = wrapper.cfbundle; includeInIndex = 0; path = JNetworkLayerTests.xctest; sourceTree = BUILT_PRODUCTS_DIR; };
		6BA33BC32690F7F9006967C2 /* JNetworkLayerTests.swift */ = {isa = PBXFileReference; lastKnownFileType = sourcecode.swift; path = JNetworkLayerTests.swift; sourceTree = "<group>"; };
		6BA33BC52690F7F9006967C2 /* Info.plist */ = {isa = PBXFileReference; lastKnownFileType = text.plist.xml; path = Info.plist; sourceTree = "<group>"; };
		6BA33BCA2690F7F9006967C2 /* JNetworkLayerUITests.xctest */ = {isa = PBXFileReference; explicitFileType = wrapper.cfbundle; includeInIndex = 0; path = JNetworkLayerUITests.xctest; sourceTree = BUILT_PRODUCTS_DIR; };
		6BA33BCE2690F7F9006967C2 /* JNetworkLayerUITests.swift */ = {isa = PBXFileReference; lastKnownFileType = sourcecode.swift; path = JNetworkLayerUITests.swift; sourceTree = "<group>"; };
		6BA33BD02690F7F9006967C2 /* Info.plist */ = {isa = PBXFileReference; lastKnownFileType = text.plist.xml; path = Info.plist; sourceTree = "<group>"; };
		6BA33BDD2690F8C7006967C2 /* InitViewController.swift */ = {isa = PBXFileReference; lastKnownFileType = sourcecode.swift; path = InitViewController.swift; sourceTree = "<group>"; };
		6BA33BDE2690F8C7006967C2 /* InitViewController.xib */ = {isa = PBXFileReference; lastKnownFileType = file.xib; path = InitViewController.xib; sourceTree = "<group>"; };
		6BA33BE426910DCA006967C2 /* JNWebserviceConfig.swift */ = {isa = PBXFileReference; lastKnownFileType = sourcecode.swift; path = JNWebserviceConfig.swift; sourceTree = "<group>"; };
		6BA33BE626910E2B006967C2 /* JNWebserviceConstants.swift */ = {isa = PBXFileReference; lastKnownFileType = sourcecode.swift; path = JNWebserviceConstants.swift; sourceTree = "<group>"; };
		6BA33BE826910E61006967C2 /* JNWebserviceHelper.swift */ = {isa = PBXFileReference; lastKnownFileType = sourcecode.swift; path = JNWebserviceHelper.swift; sourceTree = "<group>"; };
		6BA33BEB26910F18006967C2 /* JNJSONResponseDecoder.swift */ = {isa = PBXFileReference; lastKnownFileType = sourcecode.swift; path = JNJSONResponseDecoder.swift; sourceTree = "<group>"; };
		6BA36D072692142F00DEE404 /* CovidAPI.swift */ = {isa = PBXFileReference; lastKnownFileType = sourcecode.swift; path = CovidAPI.swift; sourceTree = "<group>"; };
		6BA36D092692167100DEE404 /* CovidServicesRequest.swift */ = {isa = PBXFileReference; lastKnownFileType = sourcecode.swift; path = CovidServicesRequest.swift; sourceTree = "<group>"; };
		6BA36D0C269216AD00DEE404 /* Country.swift */ = {isa = PBXFileReference; lastKnownFileType = sourcecode.swift; path = Country.swift; sourceTree = "<group>"; };
/* End PBXFileReference section */

/* Begin PBXFrameworksBuildPhase section */
		6BA33BA62690F7F6006967C2 /* Frameworks */ = {
			isa = PBXFrameworksBuildPhase;
			buildActionMask = 2147483647;
			files = (
			);
			runOnlyForDeploymentPostprocessing = 0;
		};
		6BA33BBC2690F7F9006967C2 /* Frameworks */ = {
			isa = PBXFrameworksBuildPhase;
			buildActionMask = 2147483647;
			files = (
			);
			runOnlyForDeploymentPostprocessing = 0;
		};
		6BA33BC72690F7F9006967C2 /* Frameworks */ = {
			isa = PBXFrameworksBuildPhase;
			buildActionMask = 2147483647;
			files = (
			);
			runOnlyForDeploymentPostprocessing = 0;
		};
/* End PBXFrameworksBuildPhase section */

/* Begin PBXGroup section */
		6BA33BA02690F7F6006967C2 = {
			isa = PBXGroup;
			children = (
				6BA33BAB2690F7F6006967C2 /* JNetworkLayer */,
				6BA33BC22690F7F9006967C2 /* JNetworkLayerTests */,
				6BA33BCD2690F7F9006967C2 /* JNetworkLayerUITests */,
				6BA33BAA2690F7F6006967C2 /* Products */,
			);
			sourceTree = "<group>";
		};
		6BA33BAA2690F7F6006967C2 /* Products */ = {
			isa = PBXGroup;
			children = (
				6BA33BA92690F7F6006967C2 /* JNetworkLayer.app */,
				6BA33BBF2690F7F9006967C2 /* JNetworkLayerTests.xctest */,
				6BA33BCA2690F7F9006967C2 /* JNetworkLayerUITests.xctest */,
			);
			name = Products;
			sourceTree = "<group>";
		};
		6BA33BAB2690F7F6006967C2 /* JNetworkLayer */ = {
			isa = PBXGroup;
			children = (
				6BA36D0B269216A100DEE404 /* Model */,
				6BA36D052692120300DEE404 /* AppRequest */,
				6BA33BB52690F7F8006967C2 /* Assets.xcassets */,
				6BA33BE126910D5B006967C2 /* Delegate */,
				6BA33BBA2690F7F8006967C2 /* Info.plist */,
				6BA33BDC2690F8A0006967C2 /* InitViewController */,
				6BA33BB72690F7F8006967C2 /* LaunchScreen.storyboard */,
				6BA33BE226910D84006967C2 /* JNetWorkLayer */,
			);
			path = JNetworkLayer;
			sourceTree = "<group>";
		};
		6BA33BC22690F7F9006967C2 /* JNetworkLayerTests */ = {
			isa = PBXGroup;
			children = (
				6BA33BC32690F7F9006967C2 /* JNetworkLayerTests.swift */,
				6BA33BC52690F7F9006967C2 /* Info.plist */,
			);
			path = JNetworkLayerTests;
			sourceTree = "<group>";
		};
		6BA33BCD2690F7F9006967C2 /* JNetworkLayerUITests */ = {
			isa = PBXGroup;
			children = (
				6BA33BCE2690F7F9006967C2 /* JNetworkLayerUITests.swift */,
				6BA33BD02690F7F9006967C2 /* Info.plist */,
			);
			path = JNetworkLayerUITests;
			sourceTree = "<group>";
		};
		6BA33BDC2690F8A0006967C2 /* InitViewController */ = {
			isa = PBXGroup;
			children = (
				6BA33BDD2690F8C7006967C2 /* InitViewController.swift */,
				6BA33BDE2690F8C7006967C2 /* InitViewController.xib */,
			);
			path = InitViewController;
			sourceTree = "<group>";
		};
		6BA33BE126910D5B006967C2 /* Delegate */ = {
			isa = PBXGroup;
			children = (
				6BA33BAC2690F7F6006967C2 /* AppDelegate.swift */,
			);
			path = Delegate;
			sourceTree = "<group>";
		};
		6BA33BE226910D84006967C2 /* JNetWorkLayer */ = {
			isa = PBXGroup;
			children = (
				6BA33BEA26910F01006967C2 /* Decoder */,
				6BA33BE326910D95006967C2 /* WebServices */,
			);
			path = JNetWorkLayer;
			sourceTree = "<group>";
		};
		6BA33BE326910D95006967C2 /* WebServices */ = {
			isa = PBXGroup;
			children = (
				6BA33BE426910DCA006967C2 /* JNWebserviceConfig.swift */,
				6BA33BE826910E61006967C2 /* JNWebserviceHelper.swift */,
			);
			path = WebServices;
			sourceTree = "<group>";
		};
		6BA33BEA26910F01006967C2 /* Decoder */ = {
			isa = PBXGroup;
			children = (
				6BA33BEB26910F18006967C2 /* JNJSONResponseDecoder.swift */,
			);
			path = Decoder;
			sourceTree = "<group>";
		};
		6BA36D052692120300DEE404 /* AppRequest */ = {
			isa = PBXGroup;
			children = (
				6BA33BE626910E2B006967C2 /* JNWebserviceConstants.swift */,
				6BA36D072692142F00DEE404 /* CovidAPI.swift */,
				6BA36D092692167100DEE404 /* CovidServicesRequest.swift */,
			);
			path = AppRequest;
			sourceTree = "<group>";
		};
		6BA36D0B269216A100DEE404 /* Model */ = {
			isa = PBXGroup;
			children = (
				6BA36D0C269216AD00DEE404 /* Country.swift */,
			);
			path = Model;
			sourceTree = "<group>";
		};
/* End PBXGroup section */

/* Begin PBXNativeTarget section */
		6BA33BA82690F7F6006967C2 /* JNetworkLayer */ = {
			isa = PBXNativeTarget;
			buildConfigurationList = 6BA33BD32690F7F9006967C2 /* Build configuration list for PBXNativeTarget "JNetworkLayer" */;
			buildPhases = (
				6BA33BA52690F7F6006967C2 /* Sources */,
				6BA33BA62690F7F6006967C2 /* Frameworks */,
				6BA33BA72690F7F6006967C2 /* Resources */,
			);
			buildRules = (
			);
			dependencies = (
			);
			name = JNetworkLayer;
			productName = JNetworkLayer;
			productReference = 6BA33BA92690F7F6006967C2 /* JNetworkLayer.app */;
			productType = "com.apple.product-type.application";
		};
		6BA33BBE2690F7F9006967C2 /* JNetworkLayerTests */ = {
			isa = PBXNativeTarget;
			buildConfigurationList = 6BA33BD62690F7F9006967C2 /* Build configuration list for PBXNativeTarget "JNetworkLayerTests" */;
			buildPhases = (
				6BA33BBB2690F7F9006967C2 /* Sources */,
				6BA33BBC2690F7F9006967C2 /* Frameworks */,
				6BA33BBD2690F7F9006967C2 /* Resources */,
			);
			buildRules = (
			);
			dependencies = (
				6BA33BC12690F7F9006967C2 /* PBXTargetDependency */,
			);
			name = JNetworkLayerTests;
			productName = JNetworkLayerTests;
			productReference = 6BA33BBF2690F7F9006967C2 /* JNetworkLayerTests.xctest */;
			productType = "com.apple.product-type.bundle.unit-test";
		};
		6BA33BC92690F7F9006967C2 /* JNetworkLayerUITests */ = {
			isa = PBXNativeTarget;
			buildConfigurationList = 6BA33BD92690F7F9006967C2 /* Build configuration list for PBXNativeTarget "JNetworkLayerUITests" */;
			buildPhases = (
				6BA33BC62690F7F9006967C2 /* Sources */,
				6BA33BC72690F7F9006967C2 /* Frameworks */,
				6BA33BC82690F7F9006967C2 /* Resources */,
			);
			buildRules = (
			);
			dependencies = (
				6BA33BCC2690F7F9006967C2 /* PBXTargetDependency */,
			);
			name = JNetworkLayerUITests;
			productName = JNetworkLayerUITests;
			productReference = 6BA33BCA2690F7F9006967C2 /* JNetworkLayerUITests.xctest */;
			productType = "com.apple.product-type.bundle.ui-testing";
		};
/* End PBXNativeTarget section */

/* Begin PBXProject section */
		6BA33BA12690F7F6006967C2 /* Project object */ = {
			isa = PBXProject;
			attributes = {
				LastSwiftUpdateCheck = 1250;
				LastUpgradeCheck = 1250;
				TargetAttributes = {
					6BA33BA82690F7F6006967C2 = {
						CreatedOnToolsVersion = 12.5;
					};
					6BA33BBE2690F7F9006967C2 = {
						CreatedOnToolsVersion = 12.5;
						TestTargetID = 6BA33BA82690F7F6006967C2;
					};
					6BA33BC92690F7F9006967C2 = {
						CreatedOnToolsVersion = 12.5;
						TestTargetID = 6BA33BA82690F7F6006967C2;
					};
				};
			};
			buildConfigurationList = 6BA33BA42690F7F6006967C2 /* Build configuration list for PBXProject "JNetworkLayer" */;
			compatibilityVersion = "Xcode 9.3";
			developmentRegion = en;
			hasScannedForEncodings = 0;
			knownRegions = (
				en,
				Base,
			);
			mainGroup = 6BA33BA02690F7F6006967C2;
			productRefGroup = 6BA33BAA2690F7F6006967C2 /* Products */;
			projectDirPath = "";
			projectRoot = "";
			targets = (
				6BA33BA82690F7F6006967C2 /* JNetworkLayer */,
				6BA33BBE2690F7F9006967C2 /* JNetworkLayerTests */,
				6BA33BC92690F7F9006967C2 /* JNetworkLayerUITests */,
			);
		};
/* End PBXProject section */

/* Begin PBXResourcesBuildPhase section */
		6BA33BA72690F7F6006967C2 /* Resources */ = {
			isa = PBXResourcesBuildPhase;
			buildActionMask = 2147483647;
			files = (
				6BA33BB92690F7F8006967C2 /* LaunchScreen.storyboard in Resources */,
				6BA33BB62690F7F8006967C2 /* Assets.xcassets in Resources */,
				6BA33BE02690F8C7006967C2 /* InitViewController.xib in Resources */,
			);
			runOnlyForDeploymentPostprocessing = 0;
		};
		6BA33BBD2690F7F9006967C2 /* Resources */ = {
			isa = PBXResourcesBuildPhase;
			buildActionMask = 2147483647;
			files = (
			);
			runOnlyForDeploymentPostprocessing = 0;
		};
		6BA33BC82690F7F9006967C2 /* Resources */ = {
			isa = PBXResourcesBuildPhase;
			buildActionMask = 2147483647;
			files = (
			);
			runOnlyForDeploymentPostprocessing = 0;
		};
/* End PBXResourcesBuildPhase section */

/* Begin PBXSourcesBuildPhase section */
		6BA33BA52690F7F6006967C2 /* Sources */ = {
			isa = PBXSourcesBuildPhase;
			buildActionMask = 2147483647;
			files = (
				6BA33BAD2690F7F6006967C2 /* AppDelegate.swift in Sources */,
				6BA36D0D269216AD00DEE404 /* Country.swift in Sources */,
				6BA33BE926910E61006967C2 /* JNWebserviceHelper.swift in Sources */,
				6BA33BE526910DCA006967C2 /* JNWebserviceConfig.swift in Sources */,
				6BA33BEC26910F18006967C2 /* JNJSONResponseDecoder.swift in Sources */,
				6BA33BE726910E2B006967C2 /* JNWebserviceConstants.swift in Sources */,
				6BA33BDF2690F8C7006967C2 /* InitViewController.swift in Sources */,
				6BA36D082692142F00DEE404 /* CovidAPI.swift in Sources */,
				6BA36D0A2692167100DEE404 /* CovidServicesRequest.swift in Sources */,
			);
			runOnlyForDeploymentPostprocessing = 0;
		};
		6BA33BBB2690F7F9006967C2 /* Sources */ = {
			isa = PBXSourcesBuildPhase;
			buildActionMask = 2147483647;
			files = (
				6BA33BC42690F7F9006967C2 /* JNetworkLayerTests.swift in Sources */,
			);
			runOnlyForDeploymentPostprocessing = 0;
		};
		6BA33BC62690F7F9006967C2 /* Sources */ = {
			isa = PBXSourcesBuildPhase;
			buildActionMask = 2147483647;
			files = (
				6BA33BCF2690F7F9006967C2 /* JNetworkLayerUITests.swift in Sources */,
			);
			runOnlyForDeploymentPostprocessing = 0;
		};
/* End PBXSourcesBuildPhase section */

/* Begin PBXTargetDependency section */
		6BA33BC12690F7F9006967C2 /* PBXTargetDependency */ = {
			isa = PBXTargetDependency;
			target = 6BA33BA82690F7F6006967C2 /* JNetworkLayer */;
			targetProxy = 6BA33BC02690F7F9006967C2 /* PBXContainerItemProxy */;
		};
		6BA33BCC2690F7F9006967C2 /* PBXTargetDependency */ = {
			isa = PBXTargetDependency;
			target = 6BA33BA82690F7F6006967C2 /* JNetworkLayer */;
			targetProxy = 6BA33BCB2690F7F9006967C2 /* PBXContainerItemProxy */;
		};
/* End PBXTargetDependency section */

/* Begin PBXVariantGroup section */
		6BA33BB72690F7F8006967C2 /* LaunchScreen.storyboard */ = {
			isa = PBXVariantGroup;
			children = (
				6BA33BB82690F7F8006967C2 /* Base */,
			);
			name = LaunchScreen.storyboard;
			sourceTree = "<group>";
		};
/* End PBXVariantGroup section */

/* Begin XCBuildConfiguration section */
		6BA33BD12690F7F9006967C2 /* Debug */ = {
			isa = XCBuildConfiguration;
			buildSettings = {
				ALWAYS_SEARCH_USER_PATHS = NO;
				CLANG_ANALYZER_NONNULL = YES;
				CLANG_ANALYZER_NUMBER_OBJECT_CONVERSION = YES_AGGRESSIVE;
				CLANG_CXX_LANGUAGE_STANDARD = "gnu++14";
				CLANG_CXX_LIBRARY = "libc++";
				CLANG_ENABLE_MODULES = YES;
				CLANG_ENABLE_OBJC_ARC = YES;
				CLANG_ENABLE_OBJC_WEAK = YES;
				CLANG_WARN_BLOCK_CAPTURE_AUTORELEASING = YES;
				CLANG_WARN_BOOL_CONVERSION = YES;
				CLANG_WARN_COMMA = YES;
				CLANG_WARN_CONSTANT_CONVERSION = YES;
				CLANG_WARN_DEPRECATED_OBJC_IMPLEMENTATIONS = YES;
				CLANG_WARN_DIRECT_OBJC_ISA_USAGE = YES_ERROR;
				CLANG_WARN_DOCUMENTATION_COMMENTS = YES;
				CLANG_WARN_EMPTY_BODY = YES;
				CLANG_WARN_ENUM_CONVERSION = YES;
				CLANG_WARN_INFINITE_RECURSION = YES;
				CLANG_WARN_INT_CONVERSION = YES;
				CLANG_WARN_NON_LITERAL_NULL_CONVERSION = YES;
				CLANG_WARN_OBJC_IMPLICIT_RETAIN_SELF = YES;
				CLANG_WARN_OBJC_LITERAL_CONVERSION = YES;
				CLANG_WARN_OBJC_ROOT_CLASS = YES_ERROR;
				CLANG_WARN_QUOTED_INCLUDE_IN_FRAMEWORK_HEADER = YES;
				CLANG_WARN_RANGE_LOOP_ANALYSIS = YES;
				CLANG_WARN_STRICT_PROTOTYPES = YES;
				CLANG_WARN_SUSPICIOUS_MOVE = YES;
				CLANG_WARN_UNGUARDED_AVAILABILITY = YES_AGGRESSIVE;
				CLANG_WARN_UNREACHABLE_CODE = YES;
				CLANG_WARN__DUPLICATE_METHOD_MATCH = YES;
				COPY_PHASE_STRIP = NO;
				DEBUG_INFORMATION_FORMAT = dwarf;
				ENABLE_STRICT_OBJC_MSGSEND = YES;
				ENABLE_TESTABILITY = YES;
				GCC_C_LANGUAGE_STANDARD = gnu11;
				GCC_DYNAMIC_NO_PIC = NO;
				GCC_NO_COMMON_BLOCKS = YES;
				GCC_OPTIMIZATION_LEVEL = 0;
				GCC_PREPROCESSOR_DEFINITIONS = (
					"DEBUG=1",
					"$(inherited)",
				);
				GCC_WARN_64_TO_32_BIT_CONVERSION = YES;
				GCC_WARN_ABOUT_RETURN_TYPE = YES_ERROR;
				GCC_WARN_UNDECLARED_SELECTOR = YES;
				GCC_WARN_UNINITIALIZED_AUTOS = YES_AGGRESSIVE;
				GCC_WARN_UNUSED_FUNCTION = YES;
				GCC_WARN_UNUSED_VARIABLE = YES;
				IPHONEOS_DEPLOYMENT_TARGET = 14.5;
				MTL_ENABLE_DEBUG_INFO = INCLUDE_SOURCE;
				MTL_FAST_MATH = YES;
				ONLY_ACTIVE_ARCH = YES;
				SDKROOT = iphoneos;
				SWIFT_ACTIVE_COMPILATION_CONDITIONS = DEBUG;
				SWIFT_OPTIMIZATION_LEVEL = "-Onone";
			};
			name = Debug;
		};
		6BA33BD22690F7F9006967C2 /* Release */ = {
			isa = XCBuildConfiguration;
			buildSettings = {
				ALWAYS_SEARCH_USER_PATHS = NO;
				CLANG_ANALYZER_NONNULL = YES;
				CLANG_ANALYZER_NUMBER_OBJECT_CONVERSION = YES_AGGRESSIVE;
				CLANG_CXX_LANGUAGE_STANDARD = "gnu++14";
				CLANG_CXX_LIBRARY = "libc++";
				CLANG_ENABLE_MODULES = YES;
				CLANG_ENABLE_OBJC_ARC = YES;
				CLANG_ENABLE_OBJC_WEAK = YES;
				CLANG_WARN_BLOCK_CAPTURE_AUTORELEASING = YES;
				CLANG_WARN_BOOL_CONVERSION = YES;
				CLANG_WARN_COMMA = YES;
				CLANG_WARN_CONSTANT_CONVERSION = YES;
				CLANG_WARN_DEPRECATED_OBJC_IMPLEMENTATIONS = YES;
				CLANG_WARN_DIRECT_OBJC_ISA_USAGE = YES_ERROR;
				CLANG_WARN_DOCUMENTATION_COMMENTS = YES;
				CLANG_WARN_EMPTY_BODY = YES;
				CLANG_WARN_ENUM_CONVERSION = YES;
				CLANG_WARN_INFINITE_RECURSION = YES;
				CLANG_WARN_INT_CONVERSION = YES;
				CLANG_WARN_NON_LITERAL_NULL_CONVERSION = YES;
				CLANG_WARN_OBJC_IMPLICIT_RETAIN_SELF = YES;
				CLANG_WARN_OBJC_LITERAL_CONVERSION = YES;
				CLANG_WARN_OBJC_ROOT_CLASS = YES_ERROR;
				CLANG_WARN_QUOTED_INCLUDE_IN_FRAMEWORK_HEADER = YES;
				CLANG_WARN_RANGE_LOOP_ANALYSIS = YES;
				CLANG_WARN_STRICT_PROTOTYPES = YES;
				CLANG_WARN_SUSPICIOUS_MOVE = YES;
				CLANG_WARN_UNGUARDED_AVAILABILITY = YES_AGGRESSIVE;
				CLANG_WARN_UNREACHABLE_CODE = YES;
				CLANG_WARN__DUPLICATE_METHOD_MATCH = YES;
				COPY_PHASE_STRIP = NO;
				DEBUG_INFORMATION_FORMAT = "dwarf-with-dsym";
				ENABLE_NS_ASSERTIONS = NO;
				ENABLE_STRICT_OBJC_MSGSEND = YES;
				GCC_C_LANGUAGE_STANDARD = gnu11;
				GCC_NO_COMMON_BLOCKS = YES;
				GCC_WARN_64_TO_32_BIT_CONVERSION = YES;
				GCC_WARN_ABOUT_RETURN_TYPE = YES_ERROR;
				GCC_WARN_UNDECLARED_SELECTOR = YES;
				GCC_WARN_UNINITIALIZED_AUTOS = YES_AGGRESSIVE;
				GCC_WARN_UNUSED_FUNCTION = YES;
				GCC_WARN_UNUSED_VARIABLE = YES;
				IPHONEOS_DEPLOYMENT_TARGET = 14.5;
				MTL_ENABLE_DEBUG_INFO = NO;
				MTL_FAST_MATH = YES;
				SDKROOT = iphoneos;
				SWIFT_COMPILATION_MODE = wholemodule;
				SWIFT_OPTIMIZATION_LEVEL = "-O";
				VALIDATE_PRODUCT = YES;
			};
			name = Release;
		};
		6BA33BD42690F7F9006967C2 /* Debug */ = {
			isa = XCBuildConfiguration;
			buildSettings = {
				ASSETCATALOG_COMPILER_APPICON_NAME = AppIcon;
				ASSETCATALOG_COMPILER_GLOBAL_ACCENT_COLOR_NAME = AccentColor;
				CODE_SIGN_STYLE = Automatic;
				INFOPLIST_FILE = JNetworkLayer/Info.plist;
				IPHONEOS_DEPLOYMENT_TARGET = 12.1;
				LD_RUNPATH_SEARCH_PATHS = (
					"$(inherited)",
					"@executable_path/Frameworks",
				);
				PRODUCT_BUNDLE_IDENTIFIER = jghg02.JNetworkLayer;
				PRODUCT_NAME = "$(TARGET_NAME)";
				SWIFT_VERSION = 5.0;
				TARGETED_DEVICE_FAMILY = 1;
			};
			name = Debug;
		};
		6BA33BD52690F7F9006967C2 /* Release */ = {
			isa = XCBuildConfiguration;
			buildSettings = {
				ASSETCATALOG_COMPILER_APPICON_NAME = AppIcon;
				ASSETCATALOG_COMPILER_GLOBAL_ACCENT_COLOR_NAME = AccentColor;
				CODE_SIGN_STYLE = Automatic;
				INFOPLIST_FILE = JNetworkLayer/Info.plist;
				IPHONEOS_DEPLOYMENT_TARGET = 12.1;
				LD_RUNPATH_SEARCH_PATHS = (
					"$(inherited)",
					"@executable_path/Frameworks",
				);
				PRODUCT_BUNDLE_IDENTIFIER = jghg02.JNetworkLayer;
				PRODUCT_NAME = "$(TARGET_NAME)";
				SWIFT_VERSION = 5.0;
				TARGETED_DEVICE_FAMILY = 1;
			};
			name = Release;
		};
		6BA33BD72690F7F9006967C2 /* Debug */ = {
			isa = XCBuildConfiguration;
			buildSettings = {
				ALWAYS_EMBED_SWIFT_STANDARD_LIBRARIES = YES;
				BUNDLE_LOADER = "$(TEST_HOST)";
				CODE_SIGN_STYLE = Automatic;
				INFOPLIST_FILE = JNetworkLayerTests/Info.plist;
				IPHONEOS_DEPLOYMENT_TARGET = 14.5;
				LD_RUNPATH_SEARCH_PATHS = (
					"$(inherited)",
					"@executable_path/Frameworks",
					"@loader_path/Frameworks",
				);
				PRODUCT_BUNDLE_IDENTIFIER = jghg02.JNetworkLayerTests;
				PRODUCT_NAME = "$(TARGET_NAME)";
				SWIFT_VERSION = 5.0;
				TARGETED_DEVICE_FAMILY = "1,2";
				TEST_HOST = "$(BUILT_PRODUCTS_DIR)/JNetworkLayer.app/JNetworkLayer";
			};
			name = Debug;
		};
		6BA33BD82690F7F9006967C2 /* Release */ = {
			isa = XCBuildConfiguration;
			buildSettings = {
				ALWAYS_EMBED_SWIFT_STANDARD_LIBRARIES = YES;
				BUNDLE_LOADER = "$(TEST_HOST)";
				CODE_SIGN_STYLE = Automatic;
				INFOPLIST_FILE = JNetworkLayerTests/Info.plist;
				IPHONEOS_DEPLOYMENT_TARGET = 14.5;
				LD_RUNPATH_SEARCH_PATHS = (
					"$(inherited)",
					"@executable_path/Frameworks",
					"@loader_path/Frameworks",
				);
				PRODUCT_BUNDLE_IDENTIFIER = jghg02.JNetworkLayerTests;
				PRODUCT_NAME = "$(TARGET_NAME)";
				SWIFT_VERSION = 5.0;
				TARGETED_DEVICE_FAMILY = "1,2";
				TEST_HOST = "$(BUILT_PRODUCTS_DIR)/JNetworkLayer.app/JNetworkLayer";
			};
			name = Release;
		};
		6BA33BDA2690F7F9006967C2 /* Debug */ = {
			isa = XCBuildConfiguration;
			buildSettings = {
				ALWAYS_EMBED_SWIFT_STANDARD_LIBRARIES = YES;
				CODE_SIGN_STYLE = Automatic;
				INFOPLIST_FILE = JNetworkLayerUITests/Info.plist;
				LD_RUNPATH_SEARCH_PATHS = (
					"$(inherited)",
					"@executable_path/Frameworks",
					"@loader_path/Frameworks",
				);
				PRODUCT_BUNDLE_IDENTIFIER = jghg02.JNetworkLayerUITests;
				PRODUCT_NAME = "$(TARGET_NAME)";
				SWIFT_VERSION = 5.0;
				TARGETED_DEVICE_FAMILY = "1,2";
				TEST_TARGET_NAME = JNetworkLayer;
			};
			name = Debug;
		};
		6BA33BDB2690F7F9006967C2 /* Release */ = {
			isa = XCBuildConfiguration;
			buildSettings = {
				ALWAYS_EMBED_SWIFT_STANDARD_LIBRARIES = YES;
				CODE_SIGN_STYLE = Automatic;
				INFOPLIST_FILE = JNetworkLayerUITests/Info.plist;
				LD_RUNPATH_SEARCH_PATHS = (
					"$(inherited)",
					"@executable_path/Frameworks",
					"@loader_path/Frameworks",
				);
				PRODUCT_BUNDLE_IDENTIFIER = jghg02.JNetworkLayerUITests;
				PRODUCT_NAME = "$(TARGET_NAME)";
				SWIFT_VERSION = 5.0;
				TARGETED_DEVICE_FAMILY = "1,2";
				TEST_TARGET_NAME = JNetworkLayer;
			};
			name = Release;
		};
/* End XCBuildConfiguration section */

/* Begin XCConfigurationList section */
		6BA33BA42690F7F6006967C2 /* Build configuration list for PBXProject "JNetworkLayer" */ = {
			isa = XCConfigurationList;
			buildConfigurations = (
				6BA33BD12690F7F9006967C2 /* Debug */,
				6BA33BD22690F7F9006967C2 /* Release */,
			);
			defaultConfigurationIsVisible = 0;
			defaultConfigurationName = Release;
		};
		6BA33BD32690F7F9006967C2 /* Build configuration list for PBXNativeTarget "JNetworkLayer" */ = {
			isa = XCConfigurationList;
			buildConfigurations = (
				6BA33BD42690F7F9006967C2 /* Debug */,
				6BA33BD52690F7F9006967C2 /* Release */,
			);
			defaultConfigurationIsVisible = 0;
			defaultConfigurationName = Release;
		};
		6BA33BD62690F7F9006967C2 /* Build configuration list for PBXNativeTarget "JNetworkLayerTests" */ = {
			isa = XCConfigurationList;
			buildConfigurations = (
				6BA33BD72690F7F9006967C2 /* Debug */,
				6BA33BD82690F7F9006967C2 /* Release */,
			);
			defaultConfigurationIsVisible = 0;
			defaultConfigurationName = Release;
		};
		6BA33BD92690F7F9006967C2 /* Build configuration list for PBXNativeTarget "JNetworkLayerUITests" */ = {
			isa = XCConfigurationList;
			buildConfigurations = (
				6BA33BDA2690F7F9006967C2 /* Debug */,
				6BA33BDB2690F7F9006967C2 /* Release */,
			);
			defaultConfigurationIsVisible = 0;
			defaultConfigurationName = Release;
		};
/* End XCConfigurationList section */
	};
	rootObject = 6BA33BA12690F7F6006967C2 /* Project object */;
}
